
Microsoft Visual Studio Solution File, Format Version 12.00
# Visual Studio Version 16
VisualStudioVersion = 16.0.30907.101
MinimumVisualStudioVersion = 10.0.40219.1
Project("{FAE04EC0-301F-11D3-BF4B-00C04F79EFBC}") = "Fonksiyonlar", "Fonksiyonlar\Fonksiyonlar.csproj", "{DF9B89A7-D30E-4CA6-8F73-C23D068CC9A0}"
EndProject
Global
	GlobalSection(SolutionConfigurationPlatforms) = preSolution
		Debug|Any CPU = Debug|Any CPU
		Release|Any CPU = Release|Any CPU
	EndGlobalSection
	GlobalSection(ProjectConfigurationPlatforms) = postSolution
		{DF9B89A7-D30E-4CA6-8F73-C23D068CC9A0}.Debug|Any CPU.ActiveCfg = Debug|Any CPU
		{DF9B89A7-D30E-4CA6-8F73-C23D068CC9A0}.Debug|Any CPU.Build.0 = Debug|Any CPU
		{DF9B89A7-D30E-4CA6-8F73-C23D068CC9A0}.Release|Any CPU.ActiveCfg = Release|Any CPU
		{DF9B89A7-D30E-4CA6-8F73-C23D068CC9A0}.Release|Any CPU.Build.0 = Release|Any CPU
	EndGlobalSection
	GlobalSection(SolutionProperties) = preSolution
		HideSolutionNode = FALSE
	EndGlobalSection
	GlobalSection(ExtensibilityGlobals) = postSolution
		SolutionGuid = {0904B2DB-A7DC-4808-B8B4-2EE2EF305801}
	EndGlobalSection
EndGlobal
